
Microsoft Visual Studio Solution File, Format Version 12.00
# Visual Studio Version 16
VisualStudioVersion = 16.0.29215.179
MinimumVisualStudioVersion = 10.0.40219.1
Project("{FAE04EC0-301F-11D3-BF4B-00C04F79EFBC}") = "FishTrapTimer", "FishTrapTimer.csproj", "{C906D89A-C59A-44A3-BA0B-D54E78F7A127}"
EndProject
Global
	GlobalSection(SolutionConfigurationPlatforms) = preSolution
		Debug|Any CPU = Debug|Any CPU
		Release|Any CPU = Release|Any CPU
	EndGlobalSection
	GlobalSection(ProjectConfigurationPlatforms) = postSolution
		{C906D89A-C59A-44A3-BA0B-D54E78F7A127}.Debug|Any CPU.ActiveCfg = Debug|Any CPU
		{C906D89A-C59A-44A3-BA0B-D54E78F7A127}.Debug|Any CPU.Build.0 = Debug|Any CPU
		{C906D89A-C59A-44A3-BA0B-D54E78F7A127}.Release|Any CPU.ActiveCfg = Release|Any CPU
		{C906D89A-C59A-44A3-BA0B-D54E78F7A127}.Release|Any CPU.Build.0 = Release|Any CPU
	EndGlobalSection
	GlobalSection(SolutionProperties) = preSolution
		HideSolutionNode = FALSE
	EndGlobalSection
	GlobalSection(ExtensibilityGlobals) = postSolution
		SolutionGuid = {CC4006B0-B354-4D95-A41F-BD81E1544C73}
	EndGlobalSection
EndGlobal
